{
  "version": 4,
  "terraform_version": "1.12.2",
  "serial": 6,
  "lineage": "a268852b-d4b6-c06a-5220-2b9c8102ea33",
  "outputs": {
    "policy_arn": {
      "value": "arn:aws:iam::654654557298:policy/CustomReadOnlyAccess",
      "type": "string"
    },
    "role_arn": {
      "value": "arn:aws:iam::654654557298:role/AuditorReadOnlyRole",
      "type": "string"
    }
  },
  "resources": [
    {
      "mode": "data",
      "type": "aws_caller_identity",
      "name": "current",
      "provider": "provider[\"registry.terraform.io/hashicorp/aws\"]",
      "instances": [
        {
          "schema_version": 0,
          "attributes": {
            "account_id": "654654557298",
            "arn": "arn:aws:iam::654654557298:user/yehor",
            "id": "654654557298",
            "user_id": "AIDAZQ3DTZRZCXI24DGTH"
          },
          "sensitive_attributes": [],
          "identity_schema_version": 0
        }
      ]
    },
    {
      "mode": "managed",
      "type": "aws_iam_policy",
      "name": "custom_readonly",
      "provider": "provider[\"registry.terraform.io/hashicorp/aws\"]",
      "instances": [
        {
          "schema_version": 0,
          "attributes": {
            "arn": "arn:aws:iam::654654557298:policy/CustomReadOnlyAccess",
            "attachment_count": 0,
            "description": "Allows only read access to resources",
            "id": "arn:aws:iam::654654557298:policy/CustomReadOnlyAccess",
            "name": "CustomReadOnlyAccess",
            "name_prefix": "",
            "path": "/",
            "policy": "{\"Statement\":[{\"Action\":[\"ec2:Describe*\",\"s3:Get*\",\"s3:List*\",\"iam:Get*\",\"iam:List*\",\"cloudwatch:Describe*\",\"cloudwatch:Get*\",\"cloudwatch:List*\"],\"Effect\":\"Allow\",\"Resource\":\"*\",\"Sid\":\"ReadOnly\"}],\"Version\":\"2012-10-17\"}",
            "policy_id": "ANPAZQ3DTZRZIX5VKDO3L",
            "tags": {},
            "tags_all": {}
          },
          "sensitive_attributes": [],
          "identity_schema_version": 0,
          "identity": {
            "arn": "arn:aws:iam::654654557298:policy/CustomReadOnlyAccess"
          },
          "private": "bnVsbA=="
        }
      ]
    },
    {
      "mode": "managed",
      "type": "aws_iam_role",
      "name": "auditor_role",
      "provider": "provider[\"registry.terraform.io/hashicorp/aws\"]",
      "instances": [
        {
          "schema_version": 0,
          "attributes": {
            "arn": "arn:aws:iam::654654557298:role/AuditorReadOnlyRole",
            "assume_role_policy": "{\"Statement\":[{\"Action\":\"sts:AssumeRole\",\"Condition\":{\"StringEquals\":{\"aws:PrincipalArn\":\"arn:aws:iam::654654557298:user/auditor\"}},\"Effect\":\"Allow\",\"Principal\":{\"AWS\":\"arn:aws:iam::654654557298:root\"}}],\"Version\":\"2012-10-17\"}",
            "create_date": "2025-10-30T21:13:49Z",
            "description": "Role with read-only permissions for auditor",
            "force_detach_policies": false,
            "id": "AuditorReadOnlyRole",
            "inline_policy": [],
            "managed_policy_arns": [],
            "max_session_duration": 3600,
            "name": "AuditorReadOnlyRole",
            "name_prefix": "",
            "path": "/",
            "permissions_boundary": "",
            "tags": null,
            "tags_all": {},
            "unique_id": "AROAZQ3DTZRZMR2CM5UOP"
          },
          "sensitive_attributes": [],
          "identity_schema_version": 0,
          "identity": {
            "account_id": "654654557298",
            "name": "AuditorReadOnlyRole"
          },
          "private": "bnVsbA==",
          "dependencies": [
            "data.aws_caller_identity.current"
          ]
        }
      ]
    },
    {
      "mode": "managed",
      "type": "aws_iam_role_policy_attachment",
      "name": "attach_policy",
      "provider": "provider[\"registry.terraform.io/hashicorp/aws\"]",
      "instances": [
        {
          "schema_version": 0,
          "attributes": {
            "id": "AuditorReadOnlyRole/arn:aws:iam::654654557298:policy/CustomReadOnlyAccess",
            "policy_arn": "arn:aws:iam::654654557298:policy/CustomReadOnlyAccess",
            "role": "AuditorReadOnlyRole"
          },
          "sensitive_attributes": [],
          "identity_schema_version": 0,
          "identity": {
            "account_id": "654654557298",
            "policy_arn": "arn:aws:iam::654654557298:policy/CustomReadOnlyAccess",
            "role": "AuditorReadOnlyRole"
          },
          "private": "bnVsbA==",
          "dependencies": [
            "aws_iam_policy.custom_readonly",
            "aws_iam_role.auditor_role",
            "data.aws_caller_identity.current"
          ]
        }
      ]
    }
  ],
  "check_results": null
}
